
Microsoft Visual Studio Solution File, Format Version 12.00
# Visual Studio 15
VisualStudioVersion = 15.0.27703.2042
MinimumVisualStudioVersion = 10.0.40219.1
Project("{FAE04EC0-301F-11D3-BF4B-00C04F79EFBC}") = "XucXac", "XucXac.csproj", "{EA6EF477-1F15-4964-A969-F5B00F44D194}"
EndProject
Global
	GlobalSection(SolutionConfigurationPlatforms) = preSolution
		Debug|x86 = Debug|x86
		Release|x86 = Release|x86
	EndGlobalSection
	GlobalSection(ProjectConfigurationPlatforms) = postSolution
		{EA6EF477-1F15-4964-A969-F5B00F44D194}.Debug|x86.ActiveCfg = Debug|x86
		{EA6EF477-1F15-4964-A969-F5B00F44D194}.Debug|x86.Build.0 = Debug|x86
		{EA6EF477-1F15-4964-A969-F5B00F44D194}.Release|x86.ActiveCfg = Release|x86
		{EA6EF477-1F15-4964-A969-F5B00F44D194}.Release|x86.Build.0 = Release|x86
	EndGlobalSection
	GlobalSection(SolutionProperties) = preSolution
		HideSolutionNode = FALSE
	EndGlobalSection
	GlobalSection(ExtensibilityGlobals) = postSolution
		SolutionGuid = {DE865F44-D722-408C-AFE1-E155C270ACD1}
	EndGlobalSection
EndGlobal
